
Microsoft Visual Studio Solution File, Format Version 12.00
# Visual Studio 15
VisualStudioVersion = 15.0.27703.2026
MinimumVisualStudioVersion = 10.0.40219.1
Project("{2150E333-8FDC-42A3-9474-1A3956D46DE8}") = "Framework", "Framework", "{B7E702B9-F826-48BE-A2D3-ECE8656D1253}"
EndProject
Project("{2150E333-8FDC-42A3-9474-1A3956D46DE8}") = "Model", "Model", "{A10DECDC-84DF-47B0-9600-3063EAEBA34E}"
EndProject
Project("{2150E333-8FDC-42A3-9474-1A3956D46DE8}") = "Test", "Test", "{83CD7192-FAA7-46A3-89D5-0D7ACDE642F4}"
EndProject
Project("{9A19103F-16F7-4668-BE54-9A1E7A4F7556}") = "ICon.Framework", "ICon.Framework.Shared\ICon.Framework.csproj", "{7FF7B23C-2B3B-4D5E-9216-CCF920B3D707}"
EndProject
Project("{9A19103F-16F7-4668-BE54-9A1E7A4F7556}") = "ICon.Mathematics", "ICon.Framework.Mathematics\ICon.Mathematics.csproj", "{1C025F0C-4E11-49FF-88EC-6FCF6314A083}"
EndProject
Project("{9A19103F-16F7-4668-BE54-9A1E7A4F7556}") = "ICon.Symmetry", "ICon.Framework.Symmetry\ICon.Symmetry.csproj", "{E7471C43-3340-4EE6-AD34-970FA4F0A94D}"
EndProject
Project("{9A19103F-16F7-4668-BE54-9A1E7A4F7556}") = "ICon.Model", "ICon.Model\ICon.Model.csproj", "{F56AF1BE-FE73-4F4B-BAB7-9D72B1CE2B46}"
EndProject
Project("{9A19103F-16F7-4668-BE54-9A1E7A4F7556}") = "ICon.Model.Test", "ICon.Model.Test\ICon.Model.Test.csproj", "{909BD965-D3E6-4F3A-AC41-5412184ECA46}"
EndProject
Project("{9A19103F-16F7-4668-BE54-9A1E7A4F7556}") = "ICon.Framework.Test", "ICon.Framework.QuickTest\ICon.Framework.Test.csproj", "{775637C2-6419-492E-B69B-9C7FCB7797D6}"
EndProject
Global
	GlobalSection(SolutionConfigurationPlatforms) = preSolution
		Debug|Any CPU = Debug|Any CPU
		Debug|x64 = Debug|x64
		Release|Any CPU = Release|Any CPU
		Release|x64 = Release|x64
	EndGlobalSection
	GlobalSection(ProjectConfigurationPlatforms) = postSolution
		{7FF7B23C-2B3B-4D5E-9216-CCF920B3D707}.Debug|Any CPU.ActiveCfg = Debug|Any CPU
		{7FF7B23C-2B3B-4D5E-9216-CCF920B3D707}.Debug|Any CPU.Build.0 = Debug|Any CPU
		{7FF7B23C-2B3B-4D5E-9216-CCF920B3D707}.Debug|x64.ActiveCfg = Debug|x64
		{7FF7B23C-2B3B-4D5E-9216-CCF920B3D707}.Debug|x64.Build.0 = Debug|x64
		{7FF7B23C-2B3B-4D5E-9216-CCF920B3D707}.Release|Any CPU.ActiveCfg = Release|Any CPU
		{7FF7B23C-2B3B-4D5E-9216-CCF920B3D707}.Release|Any CPU.Build.0 = Release|Any CPU
		{7FF7B23C-2B3B-4D5E-9216-CCF920B3D707}.Release|x64.ActiveCfg = Release|x64
		{7FF7B23C-2B3B-4D5E-9216-CCF920B3D707}.Release|x64.Build.0 = Release|x64
		{1C025F0C-4E11-49FF-88EC-6FCF6314A083}.Debug|Any CPU.ActiveCfg = Debug|Any CPU
		{1C025F0C-4E11-49FF-88EC-6FCF6314A083}.Debug|Any CPU.Build.0 = Debug|Any CPU
		{1C025F0C-4E11-49FF-88EC-6FCF6314A083}.Debug|x64.ActiveCfg = Debug|x64
		{1C025F0C-4E11-49FF-88EC-6FCF6314A083}.Debug|x64.Build.0 = Debug|x64
		{1C025F0C-4E11-49FF-88EC-6FCF6314A083}.Release|Any CPU.ActiveCfg = Release|Any CPU
		{1C025F0C-4E11-49FF-88EC-6FCF6314A083}.Release|Any CPU.Build.0 = Release|Any CPU
		{1C025F0C-4E11-49FF-88EC-6FCF6314A083}.Release|x64.ActiveCfg = Release|x64
		{1C025F0C-4E11-49FF-88EC-6FCF6314A083}.Release|x64.Build.0 = Release|x64
		{E7471C43-3340-4EE6-AD34-970FA4F0A94D}.Debug|Any CPU.ActiveCfg = Debug|Any CPU
		{E7471C43-3340-4EE6-AD34-970FA4F0A94D}.Debug|Any CPU.Build.0 = Debug|Any CPU
		{E7471C43-3340-4EE6-AD34-970FA4F0A94D}.Debug|x64.ActiveCfg = Debug|x64
		{E7471C43-3340-4EE6-AD34-970FA4F0A94D}.Debug|x64.Build.0 = Debug|x64
		{E7471C43-3340-4EE6-AD34-970FA4F0A94D}.Release|Any CPU.ActiveCfg = Release|Any CPU
		{E7471C43-3340-4EE6-AD34-970FA4F0A94D}.Release|Any CPU.Build.0 = Release|Any CPU
		{E7471C43-3340-4EE6-AD34-970FA4F0A94D}.Release|x64.ActiveCfg = Release|x64
		{E7471C43-3340-4EE6-AD34-970FA4F0A94D}.Release|x64.Build.0 = Release|x64
		{F56AF1BE-FE73-4F4B-BAB7-9D72B1CE2B46}.Debug|Any CPU.ActiveCfg = Debug|Any CPU
		{F56AF1BE-FE73-4F4B-BAB7-9D72B1CE2B46}.Debug|Any CPU.Build.0 = Debug|Any CPU
		{F56AF1BE-FE73-4F4B-BAB7-9D72B1CE2B46}.Debug|x64.ActiveCfg = Debug|x64
		{F56AF1BE-FE73-4F4B-BAB7-9D72B1CE2B46}.Debug|x64.Build.0 = Debug|x64
		{F56AF1BE-FE73-4F4B-BAB7-9D72B1CE2B46}.Release|Any CPU.ActiveCfg = Release|Any CPU
		{F56AF1BE-FE73-4F4B-BAB7-9D72B1CE2B46}.Release|Any CPU.Build.0 = Release|Any CPU
		{F56AF1BE-FE73-4F4B-BAB7-9D72B1CE2B46}.Release|x64.ActiveCfg = Release|x64
		{F56AF1BE-FE73-4F4B-BAB7-9D72B1CE2B46}.Release|x64.Build.0 = Release|x64
		{909BD965-D3E6-4F3A-AC41-5412184ECA46}.Debug|Any CPU.ActiveCfg = Debug|Any CPU
		{909BD965-D3E6-4F3A-AC41-5412184ECA46}.Debug|Any CPU.Build.0 = Debug|Any CPU
		{909BD965-D3E6-4F3A-AC41-5412184ECA46}.Debug|x64.ActiveCfg = Debug|x64
		{909BD965-D3E6-4F3A-AC41-5412184ECA46}.Debug|x64.Build.0 = Debug|x64
		{909BD965-D3E6-4F3A-AC41-5412184ECA46}.Release|Any CPU.ActiveCfg = Release|Any CPU
		{909BD965-D3E6-4F3A-AC41-5412184ECA46}.Release|Any CPU.Build.0 = Release|Any CPU
		{909BD965-D3E6-4F3A-AC41-5412184ECA46}.Release|x64.ActiveCfg = Release|x64
		{909BD965-D3E6-4F3A-AC41-5412184ECA46}.Release|x64.Build.0 = Release|x64
		{775637C2-6419-492E-B69B-9C7FCB7797D6}.Debug|Any CPU.ActiveCfg = Debug|Any CPU
		{775637C2-6419-492E-B69B-9C7FCB7797D6}.Debug|Any CPU.Build.0 = Debug|Any CPU
		{775637C2-6419-492E-B69B-9C7FCB7797D6}.Debug|x64.ActiveCfg = Debug|x64
		{775637C2-6419-492E-B69B-9C7FCB7797D6}.Debug|x64.Build.0 = Debug|x64
		{775637C2-6419-492E-B69B-9C7FCB7797D6}.Release|Any CPU.ActiveCfg = Release|Any CPU
		{775637C2-6419-492E-B69B-9C7FCB7797D6}.Release|Any CPU.Build.0 = Release|Any CPU
		{775637C2-6419-492E-B69B-9C7FCB7797D6}.Release|x64.ActiveCfg = Release|x64
		{775637C2-6419-492E-B69B-9C7FCB7797D6}.Release|x64.Build.0 = Release|x64
	EndGlobalSection
	GlobalSection(SolutionProperties) = preSolution
		HideSolutionNode = FALSE
	EndGlobalSection
	GlobalSection(NestedProjects) = preSolution
		{7FF7B23C-2B3B-4D5E-9216-CCF920B3D707} = {B7E702B9-F826-48BE-A2D3-ECE8656D1253}
		{1C025F0C-4E11-49FF-88EC-6FCF6314A083} = {B7E702B9-F826-48BE-A2D3-ECE8656D1253}
		{E7471C43-3340-4EE6-AD34-970FA4F0A94D} = {B7E702B9-F826-48BE-A2D3-ECE8656D1253}
		{F56AF1BE-FE73-4F4B-BAB7-9D72B1CE2B46} = {A10DECDC-84DF-47B0-9600-3063EAEBA34E}
		{909BD965-D3E6-4F3A-AC41-5412184ECA46} = {83CD7192-FAA7-46A3-89D5-0D7ACDE642F4}
		{775637C2-6419-492E-B69B-9C7FCB7797D6} = {83CD7192-FAA7-46A3-89D5-0D7ACDE642F4}
	EndGlobalSection
	GlobalSection(ExtensibilityGlobals) = postSolution
		SolutionGuid = {630EE905-CA9C-46AC-962D-A44104E4F5F0}
	EndGlobalSection
EndGlobal
